
Microsoft Visual Studio Solution File, Format Version 12.00
# Visual Studio 2017
Project("{FAE04EC0-301F-11D3-BF4B-00C04F79EFBC}") = "Collection_of_tests_2", "Collection_of_tests_2.csproj", "{E0563DD4-48BC-F468-3578-0235F936F23D}"
EndProject
Project("{FAE04EC0-301F-11D3-BF4B-00C04F79EFBC}") = "Collection_of_tests_2.Editor", "Collection_of_tests_2.Editor.csproj", "{D5F915D8-ED3A-F726-0430-76F8268EAAE5}"
EndProject
Global
	GlobalSection(SolutionConfigurationPlatforms) = preSolution
		Debug|Any CPU = Debug|Any CPU
		Release|Any CPU = Release|Any CPU
	EndGlobalSection
	GlobalSection(ProjectConfigurationPlatforms) = postSolution
		{E0563DD4-48BC-F468-3578-0235F936F23D}.Debug|Any CPU.ActiveCfg = Debug|Any CPU
		{E0563DD4-48BC-F468-3578-0235F936F23D}.Debug|Any CPU.Build.0 = Debug|Any CPU
		{E0563DD4-48BC-F468-3578-0235F936F23D}.Release|Any CPU.ActiveCfg = Release|Any CPU
		{E0563DD4-48BC-F468-3578-0235F936F23D}.Release|Any CPU.Build.0 = Release|Any CPU
		{D5F915D8-ED3A-F726-0430-76F8268EAAE5}.Debug|Any CPU.ActiveCfg = Debug|Any CPU
		{D5F915D8-ED3A-F726-0430-76F8268EAAE5}.Debug|Any CPU.Build.0 = Debug|Any CPU
		{D5F915D8-ED3A-F726-0430-76F8268EAAE5}.Release|Any CPU.ActiveCfg = Release|Any CPU
		{D5F915D8-ED3A-F726-0430-76F8268EAAE5}.Release|Any CPU.Build.0 = Release|Any CPU
	EndGlobalSection
	GlobalSection(SolutionProperties) = preSolution
		HideSolutionNode = FALSE
	EndGlobalSection
EndGlobal
